
Microsoft Visual Studio Solution File, Format Version 12.00
# Visual Studio 15
VisualStudioVersion = 15.0.26430.14
MinimumVisualStudioVersion = 10.0.40219.1
Project("{FAE04EC0-301F-11D3-BF4B-00C04F79EFBC}") = "FirstMessage", "FirstMessage\FirstMessage.csproj", "{A2AD30B9-980F-4E08-9AE1-4C34F58E5464}"
EndProject
Project("{FAE04EC0-301F-11D3-BF4B-00C04F79EFBC}") = "RPS-P1", "RPS-P1\RPS-P1.csproj", "{7C83D19E-DB2A-424C-AF97-36FC7D34DA4D}"
EndProject
Global
	GlobalSection(SolutionConfigurationPlatforms) = preSolution
		Debug|Any CPU = Debug|Any CPU
		Release|Any CPU = Release|Any CPU
	EndGlobalSection
	GlobalSection(ProjectConfigurationPlatforms) = postSolution
		{A2AD30B9-980F-4E08-9AE1-4C34F58E5464}.Debug|Any CPU.ActiveCfg = Debug|Any CPU
		{A2AD30B9-980F-4E08-9AE1-4C34F58E5464}.Debug|Any CPU.Build.0 = Debug|Any CPU
		{A2AD30B9-980F-4E08-9AE1-4C34F58E5464}.Release|Any CPU.ActiveCfg = Release|Any CPU
		{A2AD30B9-980F-4E08-9AE1-4C34F58E5464}.Release|Any CPU.Build.0 = Release|Any CPU
		{7C83D19E-DB2A-424C-AF97-36FC7D34DA4D}.Debug|Any CPU.ActiveCfg = Debug|Any CPU
		{7C83D19E-DB2A-424C-AF97-36FC7D34DA4D}.Debug|Any CPU.Build.0 = Debug|Any CPU
		{7C83D19E-DB2A-424C-AF97-36FC7D34DA4D}.Release|Any CPU.ActiveCfg = Release|Any CPU
		{7C83D19E-DB2A-424C-AF97-36FC7D34DA4D}.Release|Any CPU.Build.0 = Release|Any CPU
	EndGlobalSection
	GlobalSection(SolutionProperties) = preSolution
		HideSolutionNode = FALSE
	EndGlobalSection
EndGlobal
